PODS:
  - AsyncDisplayKit (1.9.90):
    - AsyncDisplayKit/PINRemoteImage (= 1.9.90)
  - AsyncDisplayKit/ASDealloc2MainObject (1.9.90)
  - AsyncDisplayKit/Core (1.9.90):
    - AsyncDisplayKit/ASDealloc2MainObject
  - AsyncDisplayKit/PINRemoteImage (1.9.90):
    - AsyncDisplayKit/Core
    - PINRemoteImage/iOS (>= 3.0.0-beta.3)
  - PINCache (3.0.1-beta)
  - PINRemoteImage/Core (3.0.0-beta.3):
    - PINCache (>= 3.0.0-beta)
  - PINRemoteImage/iOS (3.0.0-beta.3):
    - PINRemoteImage/Core
  - YYCache (1.0.4)
  - YYImage (1.0.4):
    - YYImage/Core (= 1.0.4)
  - YYImage/Core (1.0.4)
  - YYWebImage (1.0.5):
    - YYCache
    - YYImage

DEPENDENCIES:
  - AsyncDisplayKit (~> 1.9.90)
  - YYWebImage (~> 1.0.5)

SPEC CHECKSUMS:
  AsyncDisplayKit: 926ded3ca3fb7026565e0e81f0e132fea4d3a6eb
  PINCache: 6911fe422a633e18b3d3ddf2bd4f0e55e36e2892
  PINRemoteImage: 308731aa6534500e58fc211b9cc2bb7252df25ba
  YYCache: 8105b6638f5e849296c71f331ff83891a4942952
  YYImage: 1e1b62a9997399593e4b9c4ecfbbabbf1d3f3b54
  YYWebImage: 5f7f36aee2ae293f016d418c7d6ba05c4863e928

PODFILE CHECKSUM: 54f2eede508a696e7d7450cbe5e2e16d27c67d4b

COCOAPODS: 1.2.0
