PODS:
  - AsyncDisplayKit (1.9.90):
    - AsyncDisplayKit/PINRemoteImage (= 1.9.90)
  - AsyncDisplayKit/ASDealloc2MainObject (1.9.90)
  - AsyncDisplayKit/Core (1.9.90):
    - AsyncDisplayKit/ASDealloc2MainObject
  - AsyncDisplayKit/PINRemoteImage (1.9.90):
    - AsyncDisplayKit/Core
    - PINRemoteImage/iOS (>= 3.0.0-beta.3)
  - PINCache (3.0.1-beta)
  - PINRemoteImage/Core (3.0.0-beta.3):
    - PINCache (>= 3.0.0-beta)
  - PINRemoteImage/iOS (3.0.0-beta.3):
    - PINRemoteImage/Core

DEPENDENCIES:
  - AsyncDisplayKit (~> 1.9.90)

SPEC CHECKSUMS:
  AsyncDisplayKit: 926ded3ca3fb7026565e0e81f0e132fea4d3a6eb
  PINCache: 6911fe422a633e18b3d3ddf2bd4f0e55e36e2892
  PINRemoteImage: 308731aa6534500e58fc211b9cc2bb7252df25ba

PODFILE CHECKSUM: cdd0bc6ad8b9db77483ee2d96b28c566b5ee6646

COCOAPODS: 1.1.0.beta.1
